// !$*UTF8*$!
{
	archiveVersion = 1;
	classes = {
	};
	objectVersion = 50;
	objects = {

/* Begin PBXBuildFile section */
		A5C6BFCF55BEE887696B4A27 /* Pods_VirusTracker.framework in Frameworks */ = {isa = PBXBuildFile; fileRef = F7878E7DC9987E9C997AA12A /* Pods_VirusTracker.framework */; };
		E257B371243D031200C621EC /* TotalHeaderView.swift in Sources */ = {isa = PBXBuildFile; fileRef = E257B370243D031200C621EC /* TotalHeaderView.swift */; };
		E257B374243D168700C621EC /* UIView+Extension.swift in Sources */ = {isa = PBXBuildFile; fileRef = E257B373243D168700C621EC /* UIView+Extension.swift */; };
		E257B37A243D1CD400C621EC /* MenuViewModelType.swift in Sources */ = {isa = PBXBuildFile; fileRef = E257B379243D1CD400C621EC /* MenuViewModelType.swift */; };
		E257B37C243D1CDD00C621EC /* MenuViewModel.swift in Sources */ = {isa = PBXBuildFile; fileRef = E257B37B243D1CDD00C621EC /* MenuViewModel.swift */; };
		E257B37E243D1CE700C621EC /* MenuViewController.swift in Sources */ = {isa = PBXBuildFile; fileRef = E257B37D243D1CE700C621EC /* MenuViewController.swift */; };
		E257B380243DAE7400C621EC /* MenuCell.swift in Sources */ = {isa = PBXBuildFile; fileRef = E257B37F243DAE7400C621EC /* MenuCell.swift */; };
		E257B383243DAEB400C621EC /* MenuCellViewModelType.swift in Sources */ = {isa = PBXBuildFile; fileRef = E257B382243DAEB400C621EC /* MenuCellViewModelType.swift */; };
		E257B385243DAEBB00C621EC /* MenuCellViewModel.swift in Sources */ = {isa = PBXBuildFile; fileRef = E257B384243DAEBB00C621EC /* MenuCellViewModel.swift */; };
		E257B38A243DBEA600C621EC /* MapViewController.swift in Sources */ = {isa = PBXBuildFile; fileRef = E257B389243DBEA600C621EC /* MapViewController.swift */; };
		E257B38F243DE35E00C621EC /* BindableType.swift in Sources */ = {isa = PBXBuildFile; fileRef = E257B38E243DE35E00C621EC /* BindableType.swift */; };
		E257B392243DE70C00C621EC /* Scene.swift in Sources */ = {isa = PBXBuildFile; fileRef = E257B391243DE70C00C621EC /* Scene.swift */; };
		E257B394243DE75800C621EC /* MapViewModelType.swift in Sources */ = {isa = PBXBuildFile; fileRef = E257B393243DE75700C621EC /* MapViewModelType.swift */; };
		E257B396243DE76900C621EC /* MapViewModel.swift in Sources */ = {isa = PBXBuildFile; fileRef = E257B395243DE76900C621EC /* MapViewModel.swift */; };
		E257B398243DE7C700C621EC /* SceneCoordinatorType.swift in Sources */ = {isa = PBXBuildFile; fileRef = E257B397243DE7C700C621EC /* SceneCoordinatorType.swift */; };
		E257B39A243DE7F100C621EC /* SceneTransitionType.swift in Sources */ = {isa = PBXBuildFile; fileRef = E257B399243DE7F100C621EC /* SceneTransitionType.swift */; };
		E257B39C243DE84300C621EC /* SceneCoordinator.swift in Sources */ = {isa = PBXBuildFile; fileRef = E257B39B243DE84300C621EC /* SceneCoordinator.swift */; };
		E257B39E243DE85F00C621EC /* Scene+ViewController.swift in Sources */ = {isa = PBXBuildFile; fileRef = E257B39D243DE85F00C621EC /* Scene+ViewController.swift */; };
		E257B3A0243DFEFA00C621EC /* SceneDelegate.swift in Sources */ = {isa = PBXBuildFile; fileRef = E257B39F243DFEF800C621EC /* SceneDelegate.swift */; };
		E2D51C36243C88C2004F4D80 /* AppDelegate.swift in Sources */ = {isa = PBXBuildFile; fileRef = E2D51C35243C88C2004F4D80 /* AppDelegate.swift */; };
		E2D51C3A243C88C2004F4D80 /* TablesViewController.swift in Sources */ = {isa = PBXBuildFile; fileRef = E2D51C39243C88C2004F4D80 /* TablesViewController.swift */; };
		E2D51C3D243C88C2004F4D80 /* Main.storyboard in Resources */ = {isa = PBXBuildFile; fileRef = E2D51C3B243C88C2004F4D80 /* Main.storyboard */; };
		E2D51C3F243C88C3004F4D80 /* Assets.xcassets in Resources */ = {isa = PBXBuildFile; fileRef = E2D51C3E243C88C3004F4D80 /* Assets.xcassets */; };
		E2D51C42243C88C3004F4D80 /* LaunchScreen.storyboard in Resources */ = {isa = PBXBuildFile; fileRef = E2D51C40243C88C3004F4D80 /* LaunchScreen.storyboard */; };
		E2D51C4D243C88C3004F4D80 /* VirusTrackerTests.swift in Sources */ = {isa = PBXBuildFile; fileRef = E2D51C4C243C88C3004F4D80 /* VirusTrackerTests.swift */; };
		E2D51C5E243C8DE8004F4D80 /* TablesViewModel.swift in Sources */ = {isa = PBXBuildFile; fileRef = E2D51C5D243C8DE8004F4D80 /* TablesViewModel.swift */; };
		E2D51C68243C9834004F4D80 /* APIAction.swift in Sources */ = {isa = PBXBuildFile; fileRef = E2D51C67243C9834004F4D80 /* APIAction.swift */; };
		E2D51C6A243C9873004F4D80 /* BasicAction.swift in Sources */ = {isa = PBXBuildFile; fileRef = E2D51C69243C9873004F4D80 /* BasicAction.swift */; };
		E2D51C6C243C98AD004F4D80 /* AdvancedAction.swift in Sources */ = {isa = PBXBuildFile; fileRef = E2D51C6B243C98AD004F4D80 /* AdvancedAction.swift */; };
		E2D51C6E243C98DE004F4D80 /* BasicNetworkService.swift in Sources */ = {isa = PBXBuildFile; fileRef = E2D51C6D243C98DE004F4D80 /* BasicNetworkService.swift */; };
		E2D51C70243C98FE004F4D80 /* SingleItemResource.swift in Sources */ = {isa = PBXBuildFile; fileRef = E2D51C6F243C98FE004F4D80 /* SingleItemResource.swift */; };
		E2D51C72243C9910004F4D80 /* ArrayResource.swift in Sources */ = {isa = PBXBuildFile; fileRef = E2D51C71243C9910004F4D80 /* ArrayResource.swift */; };
		E2D51C75243C994B004F4D80 /* CustomError.swift in Sources */ = {isa = PBXBuildFile; fileRef = E2D51C74243C994B004F4D80 /* CustomError.swift */; };
		E2D51C77243C999F004F4D80 /* NetworkService.swift in Sources */ = {isa = PBXBuildFile; fileRef = E2D51C76243C999F004F4D80 /* NetworkService.swift */; };
		E2D51C7A243C9B92004F4D80 /* TablesViewModelType.swift in Sources */ = {isa = PBXBuildFile; fileRef = E2D51C79243C9B92004F4D80 /* TablesViewModelType.swift */; };
		E2D51C7C243C9D37004F4D80 /* TablesCell.swift in Sources */ = {isa = PBXBuildFile; fileRef = E2D51C7B243C9D37004F4D80 /* TablesCell.swift */; };
		E2D51C7F243C9DDD004F4D80 /* TablesCellViewModelType.swift in Sources */ = {isa = PBXBuildFile; fileRef = E2D51C7E243C9DDD004F4D80 /* TablesCellViewModelType.swift */; };
		E2D51C81243C9DE9004F4D80 /* TablesCellViewModel.swift in Sources */ = {isa = PBXBuildFile; fileRef = E2D51C80243C9DE9004F4D80 /* TablesCellViewModel.swift */; };
		E2D51C85243C9E98004F4D80 /* Country.swift in Sources */ = {isa = PBXBuildFile; fileRef = E2D51C84243C9E98004F4D80 /* Country.swift */; };
		E2D51C89243CBDAE004F4D80 /* Summary.swift in Sources */ = {isa = PBXBuildFile; fileRef = E2D51C88243CBDAE004F4D80 /* Summary.swift */; };
		E2D51C8B243CBE40004F4D80 /* Global.swift in Sources */ = {isa = PBXBuildFile; fileRef = E2D51C8A243CBE40004F4D80 /* Global.swift */; };
/* End PBXBuildFile section */

/* Begin PBXContainerItemProxy section */
		E2D51C49243C88C3004F4D80 /* PBXContainerItemProxy */ = {
			isa = PBXContainerItemProxy;
			containerPortal = E2D51C2A243C88C2004F4D80 /* Project object */;
			proxyType = 1;
			remoteGlobalIDString = E2D51C31243C88C2004F4D80;
			remoteInfo = VirusTracker;
		};
/* End PBXContainerItemProxy section */

/* Begin PBXFileReference section */
		6972985C67A38BE6F5B82CC9 /* Pods-VirusTracker.release.xcconfig */ = {isa = PBXFileReference; includeInIndex = 1; lastKnownFileType = text.xcconfig; name = "Pods-VirusTracker.release.xcconfig"; path = "Target Support Files/Pods-VirusTracker/Pods-VirusTracker.release.xcconfig"; sourceTree = "<group>"; };
		D7B4D6D33701B077381035D4 /* Pods-VirusTracker.debug.xcconfig */ = {isa = PBXFileReference; includeInIndex = 1; lastKnownFileType = text.xcconfig; name = "Pods-VirusTracker.debug.xcconfig"; path = "Target Support Files/Pods-VirusTracker/Pods-VirusTracker.debug.xcconfig"; sourceTree = "<group>"; };
		E257B370243D031200C621EC /* TotalHeaderView.swift */ = {isa = PBXFileReference; lastKnownFileType = sourcecode.swift; path = TotalHeaderView.swift; sourceTree = "<group>"; };
		E257B373243D168700C621EC /* UIView+Extension.swift */ = {isa = PBXFileReference; fileEncoding = 4; lastKnownFileType = sourcecode.swift; path = "UIView+Extension.swift"; sourceTree = "<group>"; };
		E257B379243D1CD400C621EC /* MenuViewModelType.swift */ = {isa = PBXFileReference; lastKnownFileType = sourcecode.swift; path = MenuViewModelType.swift; sourceTree = "<group>"; };
		E257B37B243D1CDD00C621EC /* MenuViewModel.swift */ = {isa = PBXFileReference; lastKnownFileType = sourcecode.swift; path = MenuViewModel.swift; sourceTree = "<group>"; };
		E257B37D243D1CE700C621EC /* MenuViewController.swift */ = {isa = PBXFileReference; lastKnownFileType = sourcecode.swift; path = MenuViewController.swift; sourceTree = "<group>"; };
		E257B37F243DAE7400C621EC /* MenuCell.swift */ = {isa = PBXFileReference; lastKnownFileType = sourcecode.swift; path = MenuCell.swift; sourceTree = "<group>"; };
		E257B382243DAEB400C621EC /* MenuCellViewModelType.swift */ = {isa = PBXFileReference; lastKnownFileType = sourcecode.swift; path = MenuCellViewModelType.swift; sourceTree = "<group>"; };
		E257B384243DAEBB00C621EC /* MenuCellViewModel.swift */ = {isa = PBXFileReference; lastKnownFileType = sourcecode.swift; path = MenuCellViewModel.swift; sourceTree = "<group>"; };
		E257B389243DBEA600C621EC /* MapViewController.swift */ = {isa = PBXFileReference; lastKnownFileType = sourcecode.swift; path = MapViewController.swift; sourceTree = "<group>"; };
		E257B38E243DE35E00C621EC /* BindableType.swift */ = {isa = PBXFileReference; lastKnownFileType = sourcecode.swift; path = BindableType.swift; sourceTree = "<group>"; };
		E257B391243DE70C00C621EC /* Scene.swift */ = {isa = PBXFileReference; lastKnownFileType = sourcecode.swift; path = Scene.swift; sourceTree = "<group>"; };
		E257B393243DE75700C621EC /* MapViewModelType.swift */ = {isa = PBXFileReference; lastKnownFileType = sourcecode.swift; path = MapViewModelType.swift; sourceTree = "<group>"; };
		E257B395243DE76900C621EC /* MapViewModel.swift */ = {isa = PBXFileReference; lastKnownFileType = sourcecode.swift; path = MapViewModel.swift; sourceTree = "<group>"; };
		E257B397243DE7C700C621EC /* SceneCoordinatorType.swift */ = {isa = PBXFileReference; lastKnownFileType = sourcecode.swift; path = SceneCoordinatorType.swift; sourceTree = "<group>"; };
		E257B399243DE7F100C621EC /* SceneTransitionType.swift */ = {isa = PBXFileReference; lastKnownFileType = sourcecode.swift; path = SceneTransitionType.swift; sourceTree = "<group>"; };
		E257B39B243DE84300C621EC /* SceneCoordinator.swift */ = {isa = PBXFileReference; lastKnownFileType = sourcecode.swift; path = SceneCoordinator.swift; sourceTree = "<group>"; };
		E257B39D243DE85F00C621EC /* Scene+ViewController.swift */ = {isa = PBXFileReference; lastKnownFileType = sourcecode.swift; path = "Scene+ViewController.swift"; sourceTree = "<group>"; };
		E257B39F243DFEF800C621EC /* SceneDelegate.swift */ = {isa = PBXFileReference; fileEncoding = 4; lastKnownFileType = sourcecode.swift; path = SceneDelegate.swift; sourceTree = "<group>"; };
		E2D51C32243C88C2004F4D80 /* VirusTracker.app */ = {isa = PBXFileReference; explicitFileType = wrapper.application; includeInIndex = 0; path = VirusTracker.app; sourceTree = BUILT_PRODUCTS_DIR; };
		E2D51C35243C88C2004F4D80 /* AppDelegate.swift */ = {isa = PBXFileReference; lastKnownFileType = sourcecode.swift; path = AppDelegate.swift; sourceTree = "<group>"; };
		E2D51C39243C88C2004F4D80 /* TablesViewController.swift */ = {isa = PBXFileReference; lastKnownFileType = sourcecode.swift; path = TablesViewController.swift; sourceTree = "<group>"; };
		E2D51C3C243C88C2004F4D80 /* Base */ = {isa = PBXFileReference; lastKnownFileType = file.storyboard; name = Base; path = Base.lproj/Main.storyboard; sourceTree = "<group>"; };
		E2D51C3E243C88C3004F4D80 /* Assets.xcassets */ = {isa = PBXFileReference; lastKnownFileType = folder.assetcatalog; path = Assets.xcassets; sourceTree = "<group>"; };
		E2D51C41243C88C3004F4D80 /* Base */ = {isa = PBXFileReference; lastKnownFileType = file.storyboard; name = Base; path = Base.lproj/LaunchScreen.storyboard; sourceTree = "<group>"; };
		E2D51C43243C88C3004F4D80 /* Info.plist */ = {isa = PBXFileReference; lastKnownFileType = text.plist.xml; path = Info.plist; sourceTree = "<group>"; };
		E2D51C48243C88C3004F4D80 /* VirusTrackerTests.xctest */ = {isa = PBXFileReference; explicitFileType = wrapper.cfbundle; includeInIndex = 0; path = VirusTrackerTests.xctest; sourceTree = BUILT_PRODUCTS_DIR; };
		E2D51C4C243C88C3004F4D80 /* VirusTrackerTests.swift */ = {isa = PBXFileReference; lastKnownFileType = sourcecode.swift; path = VirusTrackerTests.swift; sourceTree = "<group>"; };
		E2D51C4E243C88C3004F4D80 /* Info.plist */ = {isa = PBXFileReference; lastKnownFileType = text.plist.xml; path = Info.plist; sourceTree = "<group>"; };
		E2D51C5D243C8DE8004F4D80 /* TablesViewModel.swift */ = {isa = PBXFileReference; lastKnownFileType = sourcecode.swift; path = TablesViewModel.swift; sourceTree = "<group>"; };
		E2D51C67243C9834004F4D80 /* APIAction.swift */ = {isa = PBXFileReference; lastKnownFileType = sourcecode.swift; path = APIAction.swift; sourceTree = "<group>"; };
		E2D51C69243C9873004F4D80 /* BasicAction.swift */ = {isa = PBXFileReference; lastKnownFileType = sourcecode.swift; path = BasicAction.swift; sourceTree = "<group>"; };
		E2D51C6B243C98AD004F4D80 /* AdvancedAction.swift */ = {isa = PBXFileReference; lastKnownFileType = sourcecode.swift; path = AdvancedAction.swift; sourceTree = "<group>"; };
		E2D51C6D243C98DE004F4D80 /* BasicNetworkService.swift */ = {isa = PBXFileReference; lastKnownFileType = sourcecode.swift; path = BasicNetworkService.swift; sourceTree = "<group>"; };
		E2D51C6F243C98FE004F4D80 /* SingleItemResource.swift */ = {isa = PBXFileReference; lastKnownFileType = sourcecode.swift; path = SingleItemResource.swift; sourceTree = "<group>"; };
		E2D51C71243C9910004F4D80 /* ArrayResource.swift */ = {isa = PBXFileReference; lastKnownFileType = sourcecode.swift; path = ArrayResource.swift; sourceTree = "<group>"; };
		E2D51C74243C994B004F4D80 /* CustomError.swift */ = {isa = PBXFileReference; lastKnownFileType = sourcecode.swift; path = CustomError.swift; sourceTree = "<group>"; };
		E2D51C76243C999F004F4D80 /* NetworkService.swift */ = {isa = PBXFileReference; lastKnownFileType = sourcecode.swift; path = NetworkService.swift; sourceTree = "<group>"; };
		E2D51C79243C9B92004F4D80 /* TablesViewModelType.swift */ = {isa = PBXFileReference; lastKnownFileType = sourcecode.swift; path = TablesViewModelType.swift; sourceTree = "<group>"; };
		E2D51C7B243C9D37004F4D80 /* TablesCell.swift */ = {isa = PBXFileReference; lastKnownFileType = sourcecode.swift; path = TablesCell.swift; sourceTree = "<group>"; };
		E2D51C7E243C9DDD004F4D80 /* TablesCellViewModelType.swift */ = {isa = PBXFileReference; lastKnownFileType = sourcecode.swift; path = TablesCellViewModelType.swift; sourceTree = "<group>"; };
		E2D51C80243C9DE9004F4D80 /* TablesCellViewModel.swift */ = {isa = PBXFileReference; lastKnownFileType = sourcecode.swift; path = TablesCellViewModel.swift; sourceTree = "<group>"; };
		E2D51C84243C9E98004F4D80 /* Country.swift */ = {isa = PBXFileReference; lastKnownFileType = sourcecode.swift; path = Country.swift; sourceTree = "<group>"; };
		E2D51C88243CBDAE004F4D80 /* Summary.swift */ = {isa = PBXFileReference; lastKnownFileType = sourcecode.swift; path = Summary.swift; sourceTree = "<group>"; };
		E2D51C8A243CBE40004F4D80 /* Global.swift */ = {isa = PBXFileReference; lastKnownFileType = sourcecode.swift; path = Global.swift; sourceTree = "<group>"; };
		F7878E7DC9987E9C997AA12A /* Pods_VirusTracker.framework */ = {isa = PBXFileReference; explicitFileType = wrapper.framework; includeInIndex = 0; path = Pods_VirusTracker.framework; sourceTree = BUILT_PRODUCTS_DIR; };
/* End PBXFileReference section */

/* Begin PBXFrameworksBuildPhase section */
		E2D51C2F243C88C2004F4D80 /* Frameworks */ = {
			isa = PBXFrameworksBuildPhase;
			buildActionMask = 2147483647;
			files = (
				A5C6BFCF55BEE887696B4A27 /* Pods_VirusTracker.framework in Frameworks */,
			);
			runOnlyForDeploymentPostprocessing = 0;
		};
		E2D51C45243C88C3004F4D80 /* Frameworks */ = {
			isa = PBXFrameworksBuildPhase;
			buildActionMask = 2147483647;
			files = (
			);
			runOnlyForDeploymentPostprocessing = 0;
		};
/* End PBXFrameworksBuildPhase section */

/* Begin PBXGroup section */
		264A9571FEFBD018FDA6BBFF /* Frameworks */ = {
			isa = PBXGroup;
			children = (
				F7878E7DC9987E9C997AA12A /* Pods_VirusTracker.framework */,
			);
			name = Frameworks;
			sourceTree = "<group>";
		};
		5B339024FC9CA64AA07BF978 /* Pods */ = {
			isa = PBXGroup;
			children = (
				D7B4D6D33701B077381035D4 /* Pods-VirusTracker.debug.xcconfig */,
				6972985C67A38BE6F5B82CC9 /* Pods-VirusTracker.release.xcconfig */,
			);
			path = Pods;
			sourceTree = "<group>";
		};
		E257B372243D167100C621EC /* Extensions */ = {
			isa = PBXGroup;
			children = (
				E257B373243D168700C621EC /* UIView+Extension.swift */,
			);
			path = Extensions;
			sourceTree = "<group>";
		};
		E257B375243D1A4900C621EC /* Menu */ = {
			isa = PBXGroup;
			children = (
				E257B378243D1A6100C621EC /* ViewModel */,
				E257B377243D1A5900C621EC /* ViewController */,
				E257B376243D1A5400C621EC /* View */,
			);
			path = Menu;
			sourceTree = "<group>";
		};
		E257B376243D1A5400C621EC /* View */ = {
			isa = PBXGroup;
			children = (
				E257B37F243DAE7400C621EC /* MenuCell.swift */,
			);
			path = View;
			sourceTree = "<group>";
		};
		E257B377243D1A5900C621EC /* ViewController */ = {
			isa = PBXGroup;
			children = (
				E257B37D243D1CE700C621EC /* MenuViewController.swift */,
			);
			path = ViewController;
			sourceTree = "<group>";
		};
		E257B378243D1A6100C621EC /* ViewModel */ = {
			isa = PBXGroup;
			children = (
				E257B379243D1CD400C621EC /* MenuViewModelType.swift */,
				E257B37B243D1CDD00C621EC /* MenuViewModel.swift */,
				E257B381243DAE8B00C621EC /* CellViewModel */,
			);
			path = ViewModel;
			sourceTree = "<group>";
		};
		E257B381243DAE8B00C621EC /* CellViewModel */ = {
			isa = PBXGroup;
			children = (
				E257B382243DAEB400C621EC /* MenuCellViewModelType.swift */,
				E257B384243DAEBB00C621EC /* MenuCellViewModel.swift */,
			);
			path = CellViewModel;
			sourceTree = "<group>";
		};
		E257B386243DBE6700C621EC /* View */ = {
			isa = PBXGroup;
			children = (
			);
			path = View;
			sourceTree = "<group>";
		};
		E257B387243DBE7000C621EC /* ViewController */ = {
			isa = PBXGroup;
			children = (
				E257B389243DBEA600C621EC /* MapViewController.swift */,
			);
			path = ViewController;
			sourceTree = "<group>";
		};
		E257B388243DBE7900C621EC /* ViewModel */ = {
			isa = PBXGroup;
			children = (
				E257B393243DE75700C621EC /* MapViewModelType.swift */,
				E257B395243DE76900C621EC /* MapViewModel.swift */,
			);
			path = ViewModel;
			sourceTree = "<group>";
		};
		E257B390243DE6F800C621EC /* Scenes */ = {
			isa = PBXGroup;
			children = (
				E257B391243DE70C00C621EC /* Scene.swift */,
				E257B397243DE7C700C621EC /* SceneCoordinatorType.swift */,
				E257B39B243DE84300C621EC /* SceneCoordinator.swift */,
				E257B39D243DE85F00C621EC /* Scene+ViewController.swift */,
				E257B399243DE7F100C621EC /* SceneTransitionType.swift */,
			);
			path = Scenes;
			sourceTree = "<group>";
		};
		E2D51C29243C88C2004F4D80 = {
			isa = PBXGroup;
			children = (
				E2D51C34243C88C2004F4D80 /* VirusTracker */,
				E2D51C4B243C88C3004F4D80 /* VirusTrackerTests */,
				E2D51C33243C88C2004F4D80 /* Products */,
				5B339024FC9CA64AA07BF978 /* Pods */,
				264A9571FEFBD018FDA6BBFF /* Frameworks */,
			);
			sourceTree = "<group>";
		};
		E2D51C33243C88C2004F4D80 /* Products */ = {
			isa = PBXGroup;
			children = (
				E2D51C32243C88C2004F4D80 /* VirusTracker.app */,
				E2D51C48243C88C3004F4D80 /* VirusTrackerTests.xctest */,
			);
			name = Products;
			sourceTree = "<group>";
		};
		E2D51C34243C88C2004F4D80 /* VirusTracker */ = {
			isa = PBXGroup;
			children = (
				E257B390243DE6F800C621EC /* Scenes */,
				E257B372243D167100C621EC /* Extensions */,
				E2D51C43243C88C3004F4D80 /* Info.plist */,
				E2D51C78243C9AB6004F4D80 /* Model */,
				E2D51C73243C993B004F4D80 /* Supporting */,
				E2D51C63243C97D3004F4D80 /* Network */,
				E2D51C57243C8D8F004F4D80 /* Modules */,
			);
			path = VirusTracker;
			sourceTree = "<group>";
		};
		E2D51C4B243C88C3004F4D80 /* VirusTrackerTests */ = {
			isa = PBXGroup;
			children = (
				E2D51C4C243C88C3004F4D80 /* VirusTrackerTests.swift */,
				E2D51C4E243C88C3004F4D80 /* Info.plist */,
			);
			path = VirusTrackerTests;
			sourceTree = "<group>";
		};
		E2D51C57243C8D8F004F4D80 /* Modules */ = {
			isa = PBXGroup;
			children = (
				E257B375243D1A4900C621EC /* Menu */,
				E2D51C58243C8D97004F4D80 /* Tables */,
				E2D51C59243C8D9F004F4D80 /* Map */,
				E2D51C5A243C8DA7004F4D80 /* Charts */,
				E2D51C5B243C8DB4004F4D80 /* FAQ */,
				E2D51C5C243C8DBB004F4D80 /* News */,
			);
			path = Modules;
			sourceTree = "<group>";
		};
		E2D51C58243C8D97004F4D80 /* Tables */ = {
			isa = PBXGroup;
			children = (
				E2D51C60243C8E17004F4D80 /* ViewModel */,
				E2D51C61243C8E20004F4D80 /* ViewController */,
				E2D51C62243C8E2A004F4D80 /* View */,
			);
			path = Tables;
			sourceTree = "<group>";
		};
		E2D51C59243C8D9F004F4D80 /* Map */ = {
			isa = PBXGroup;
			children = (
				E257B388243DBE7900C621EC /* ViewModel */,
				E257B387243DBE7000C621EC /* ViewController */,
				E257B386243DBE6700C621EC /* View */,
			);
			path = Map;
			sourceTree = "<group>";
		};
		E2D51C5A243C8DA7004F4D80 /* Charts */ = {
			isa = PBXGroup;
			children = (
			);
			path = Charts;
			sourceTree = "<group>";
		};
		E2D51C5B243C8DB4004F4D80 /* FAQ */ = {
			isa = PBXGroup;
			children = (
			);
			path = FAQ;
			sourceTree = "<group>";
		};
		E2D51C5C243C8DBB004F4D80 /* News */ = {
			isa = PBXGroup;
			children = (
			);
			path = News;
			sourceTree = "<group>";
		};
		E2D51C60243C8E17004F4D80 /* ViewModel */ = {
			isa = PBXGroup;
			children = (
				E2D51C79243C9B92004F4D80 /* TablesViewModelType.swift */,
				E2D51C5D243C8DE8004F4D80 /* TablesViewModel.swift */,
				E2D51C7D243C9DCD004F4D80 /* CellViewModel */,
			);
			path = ViewModel;
			sourceTree = "<group>";
		};
		E2D51C61243C8E20004F4D80 /* ViewController */ = {
			isa = PBXGroup;
			children = (
				E2D51C39243C88C2004F4D80 /* TablesViewController.swift */,
			);
			path = ViewController;
			sourceTree = "<group>";
		};
		E2D51C62243C8E2A004F4D80 /* View */ = {
			isa = PBXGroup;
			children = (
				E2D51C7B243C9D37004F4D80 /* TablesCell.swift */,
				E257B370243D031200C621EC /* TotalHeaderView.swift */,
			);
			path = View;
			sourceTree = "<group>";
		};
		E2D51C63243C97D3004F4D80 /* Network */ = {
			isa = PBXGroup;
			children = (
				E2D51C64243C9806004F4D80 /* Actions */,
				E2D51C65243C9813004F4D80 /* Services */,
				E2D51C66243C981B004F4D80 /* Resource */,
			);
			path = Network;
			sourceTree = "<group>";
		};
		E2D51C64243C9806004F4D80 /* Actions */ = {
			isa = PBXGroup;
			children = (
				E2D51C67243C9834004F4D80 /* APIAction.swift */,
				E2D51C69243C9873004F4D80 /* BasicAction.swift */,
				E2D51C6B243C98AD004F4D80 /* AdvancedAction.swift */,
			);
			path = Actions;
			sourceTree = "<group>";
		};
		E2D51C65243C9813004F4D80 /* Services */ = {
			isa = PBXGroup;
			children = (
				E2D51C76243C999F004F4D80 /* NetworkService.swift */,
				E2D51C6D243C98DE004F4D80 /* BasicNetworkService.swift */,
			);
			path = Services;
			sourceTree = "<group>";
		};
		E2D51C66243C981B004F4D80 /* Resource */ = {
			isa = PBXGroup;
			children = (
				E2D51C6F243C98FE004F4D80 /* SingleItemResource.swift */,
				E2D51C71243C9910004F4D80 /* ArrayResource.swift */,
			);
			path = Resource;
			sourceTree = "<group>";
		};
		E2D51C73243C993B004F4D80 /* Supporting */ = {
			isa = PBXGroup;
			children = (
				E2D51C74243C994B004F4D80 /* CustomError.swift */,
				E2D51C35243C88C2004F4D80 /* AppDelegate.swift */,
				E257B39F243DFEF800C621EC /* SceneDelegate.swift */,
				E2D51C3B243C88C2004F4D80 /* Main.storyboard */,
				E2D51C40243C88C3004F4D80 /* LaunchScreen.storyboard */,
				E2D51C3E243C88C3004F4D80 /* Assets.xcassets */,
			);
			path = Supporting;
			sourceTree = "<group>";
		};
		E2D51C78243C9AB6004F4D80 /* Model */ = {
			isa = PBXGroup;
			children = (
				E2D51C84243C9E98004F4D80 /* Country.swift */,
				E2D51C8A243CBE40004F4D80 /* Global.swift */,
				E2D51C88243CBDAE004F4D80 /* Summary.swift */,
				E257B38E243DE35E00C621EC /* BindableType.swift */,
			);
			path = Model;
			sourceTree = "<group>";
		};
		E2D51C7D243C9DCD004F4D80 /* CellViewModel */ = {
			isa = PBXGroup;
			children = (
				E2D51C7E243C9DDD004F4D80 /* TablesCellViewModelType.swift */,
				E2D51C80243C9DE9004F4D80 /* TablesCellViewModel.swift */,
			);
			path = CellViewModel;
			sourceTree = "<group>";
		};
/* End PBXGroup section */

/* Begin PBXNativeTarget section */
		E2D51C31243C88C2004F4D80 /* VirusTracker */ = {
			isa = PBXNativeTarget;
			buildConfigurationList = E2D51C51243C88C3004F4D80 /* Build configuration list for PBXNativeTarget "VirusTracker" */;
			buildPhases = (
				A1FCBF4FEDCE9FB32C5D1D05 /* [CP] Check Pods Manifest.lock */,
				E2D51C2E243C88C2004F4D80 /* Sources */,
				E2D51C2F243C88C2004F4D80 /* Frameworks */,
				E2D51C30243C88C2004F4D80 /* Resources */,
				92CA84D8D992D86E84D9AFDB /* [CP] Embed Pods Frameworks */,
			);
			buildRules = (
			);
			dependencies = (
			);
			name = VirusTracker;
			productName = VirusTracker;
			productReference = E2D51C32243C88C2004F4D80 /* VirusTracker.app */;
			productType = "com.apple.product-type.application";
		};
		E2D51C47243C88C3004F4D80 /* VirusTrackerTests */ = {
			isa = PBXNativeTarget;
			buildConfigurationList = E2D51C54243C88C3004F4D80 /* Build configuration list for PBXNativeTarget "VirusTrackerTests" */;
			buildPhases = (
				E2D51C44243C88C3004F4D80 /* Sources */,
				E2D51C45243C88C3004F4D80 /* Frameworks */,
				E2D51C46243C88C3004F4D80 /* Resources */,
			);
			buildRules = (
			);
			dependencies = (
				E2D51C4A243C88C3004F4D80 /* PBXTargetDependency */,
			);
			name = VirusTrackerTests;
			productName = VirusTrackerTests;
			productReference = E2D51C48243C88C3004F4D80 /* VirusTrackerTests.xctest */;
			productType = "com.apple.product-type.bundle.unit-test";
		};
/* End PBXNativeTarget section */

/* Begin PBXProject section */
		E2D51C2A243C88C2004F4D80 /* Project object */ = {
			isa = PBXProject;
			attributes = {
				LastSwiftUpdateCheck = 1130;
				LastUpgradeCheck = 1130;
				ORGANIZATIONNAME = "Krzysztof Kapala";
				TargetAttributes = {
					E2D51C31243C88C2004F4D80 = {
						CreatedOnToolsVersion = 11.3.1;
					};
					E2D51C47243C88C3004F4D80 = {
						CreatedOnToolsVersion = 11.3.1;
						TestTargetID = E2D51C31243C88C2004F4D80;
					};
				};
			};
			buildConfigurationList = E2D51C2D243C88C2004F4D80 /* Build configuration list for PBXProject "VirusTracker" */;
			compatibilityVersion = "Xcode 9.3";
			developmentRegion = en;
			hasScannedForEncodings = 0;
			knownRegions = (
				en,
				Base,
			);
			mainGroup = E2D51C29243C88C2004F4D80;
			productRefGroup = E2D51C33243C88C2004F4D80 /* Products */;
			projectDirPath = "";
			projectRoot = "";
			targets = (
				E2D51C31243C88C2004F4D80 /* VirusTracker */,
				E2D51C47243C88C3004F4D80 /* VirusTrackerTests */,
			);
		};
/* End PBXProject section */

/* Begin PBXResourcesBuildPhase section */
		E2D51C30243C88C2004F4D80 /* Resources */ = {
			isa = PBXResourcesBuildPhase;
			buildActionMask = 2147483647;
			files = (
				E2D51C42243C88C3004F4D80 /* LaunchScreen.storyboard in Resources */,
				E2D51C3F243C88C3004F4D80 /* Assets.xcassets in Resources */,
				E2D51C3D243C88C2004F4D80 /* Main.storyboard in Resources */,
			);
			runOnlyForDeploymentPostprocessing = 0;
		};
		E2D51C46243C88C3004F4D80 /* Resources */ = {
			isa = PBXResourcesBuildPhase;
			buildActionMask = 2147483647;
			files = (
			);
			runOnlyForDeploymentPostprocessing = 0;
		};
/* End PBXResourcesBuildPhase section */

/* Begin PBXShellScriptBuildPhase section */
		92CA84D8D992D86E84D9AFDB /* [CP] Embed Pods Frameworks */ = {
			isa = PBXShellScriptBuildPhase;
			buildActionMask = 2147483647;
			files = (
			);
			inputFileListPaths = (
			);
			inputPaths = (
				"${PODS_ROOT}/Target Support Files/Pods-VirusTracker/Pods-VirusTracker-frameworks.sh",
				"${BUILT_PRODUCTS_DIR}/Alamofire/Alamofire.framework",
				"${BUILT_PRODUCTS_DIR}/RxAlamofire/RxAlamofire.framework",
				"${BUILT_PRODUCTS_DIR}/RxCocoa/RxCocoa.framework",
				"${BUILT_PRODUCTS_DIR}/RxRelay/RxRelay.framework",
				"${BUILT_PRODUCTS_DIR}/RxSwift/RxSwift.framework",
			);
			name = "[CP] Embed Pods Frameworks";
			outputFileListPaths = (
			);
			outputPaths = (
				"${TARGET_BUILD_DIR}/${FRAMEWORKS_FOLDER_PATH}/Alamofire.framework",
				"${TARGET_BUILD_DIR}/${FRAMEWORKS_FOLDER_PATH}/RxAlamofire.framework",
				"${TARGET_BUILD_DIR}/${FRAMEWORKS_FOLDER_PATH}/RxCocoa.framework",
				"${TARGET_BUILD_DIR}/${FRAMEWORKS_FOLDER_PATH}/RxRelay.framework",
				"${TARGET_BUILD_DIR}/${FRAMEWORKS_FOLDER_PATH}/RxSwift.framework",
			);
			runOnlyForDeploymentPostprocessing = 0;
			shellPath = /bin/sh;
			shellScript = "\"${PODS_ROOT}/Target Support Files/Pods-VirusTracker/Pods-VirusTracker-frameworks.sh\"\n";
			showEnvVarsInLog = 0;
		};
		A1FCBF4FEDCE9FB32C5D1D05 /* [CP] Check Pods Manifest.lock */ = {
			isa = PBXShellScriptBuildPhase;
			buildActionMask = 2147483647;
			files = (
			);
			inputFileListPaths = (
			);
			inputPaths = (
				"${PODS_PODFILE_DIR_PATH}/Podfile.lock",
				"${PODS_ROOT}/Manifest.lock",
			);
			name = "[CP] Check Pods Manifest.lock";
			outputFileListPaths = (
			);
			outputPaths = (
				"$(DERIVED_FILE_DIR)/Pods-VirusTracker-checkManifestLockResult.txt",
			);
			runOnlyForDeploymentPostprocessing = 0;
			shellPath = /bin/sh;
			shellScript = "diff \"${PODS_PODFILE_DIR_PATH}/Podfile.lock\" \"${PODS_ROOT}/Manifest.lock\" > /dev/null\nif [ $? != 0 ] ; then\n    # print error to STDERR\n    echo \"error: The sandbox is not in sync with the Podfile.lock. Run 'pod install' or update your CocoaPods installation.\" >&2\n    exit 1\nfi\n# This output is used by Xcode 'outputs' to avoid re-running this script phase.\necho \"SUCCESS\" > \"${SCRIPT_OUTPUT_FILE_0}\"\n";
			showEnvVarsInLog = 0;
		};
/* End PBXShellScriptBuildPhase section */

/* Begin PBXSourcesBuildPhase section */
		E2D51C2E243C88C2004F4D80 /* Sources */ = {
			isa = PBXSourcesBuildPhase;
			buildActionMask = 2147483647;
			files = (
				E257B374243D168700C621EC /* UIView+Extension.swift in Sources */,
				E2D51C68243C9834004F4D80 /* APIAction.swift in Sources */,
				E257B392243DE70C00C621EC /* Scene.swift in Sources */,
				E2D51C89243CBDAE004F4D80 /* Summary.swift in Sources */,
				E2D51C6E243C98DE004F4D80 /* BasicNetworkService.swift in Sources */,
				E2D51C3A243C88C2004F4D80 /* TablesViewController.swift in Sources */,
				E2D51C7F243C9DDD004F4D80 /* TablesCellViewModelType.swift in Sources */,
				E2D51C72243C9910004F4D80 /* ArrayResource.swift in Sources */,
				E2D51C36243C88C2004F4D80 /* AppDelegate.swift in Sources */,
				E257B371243D031200C621EC /* TotalHeaderView.swift in Sources */,
				E2D51C6A243C9873004F4D80 /* BasicAction.swift in Sources */,
				E257B3A0243DFEFA00C621EC /* SceneDelegate.swift in Sources */,
				E2D51C75243C994B004F4D80 /* CustomError.swift in Sources */,
				E2D51C85243C9E98004F4D80 /* Country.swift in Sources */,
				E2D51C70243C98FE004F4D80 /* SingleItemResource.swift in Sources */,
				E257B37C243D1CDD00C621EC /* MenuViewModel.swift in Sources */,
				E257B37E243D1CE700C621EC /* MenuViewController.swift in Sources */,
				E2D51C7A243C9B92004F4D80 /* TablesViewModelType.swift in Sources */,
				E2D51C81243C9DE9004F4D80 /* TablesCellViewModel.swift in Sources */,
				E2D51C5E243C8DE8004F4D80 /* TablesViewModel.swift in Sources */,
				E2D51C77243C999F004F4D80 /* NetworkService.swift in Sources */,
				E257B39E243DE85F00C621EC /* Scene+ViewController.swift in Sources */,
				E257B37A243D1CD400C621EC /* MenuViewModelType.swift in Sources */,
				E257B38F243DE35E00C621EC /* BindableType.swift in Sources */,
				E257B396243DE76900C621EC /* MapViewModel.swift in Sources */,
				E2D51C7C243C9D37004F4D80 /* TablesCell.swift in Sources */,
				E257B394243DE75800C621EC /* MapViewModelType.swift in Sources */,
				E257B39C243DE84300C621EC /* SceneCoordinator.swift in Sources */,
				E257B385243DAEBB00C621EC /* MenuCellViewModel.swift in Sources */,
				E257B39A243DE7F100C621EC /* SceneTransitionType.swift in Sources */,
				E2D51C6C243C98AD004F4D80 /* AdvancedAction.swift in Sources */,
				E257B380243DAE7400C621EC /* MenuCell.swift in Sources */,
				E257B398243DE7C700C621EC /* SceneCoordinatorType.swift in Sources */,
				E257B383243DAEB400C621EC /* MenuCellViewModelType.swift in Sources */,
				E2D51C8B243CBE40004F4D80 /* Global.swift in Sources */,
				E257B38A243DBEA600C621EC /* MapViewController.swift in Sources */,
			);
			runOnlyForDeploymentPostprocessing = 0;
		};
		E2D51C44243C88C3004F4D80 /* Sources */ = {
			isa = PBXSourcesBuildPhase;
			buildActionMask = 2147483647;
			files = (
				E2D51C4D243C88C3004F4D80 /* VirusTrackerTests.swift in Sources */,
			);
			runOnlyForDeploymentPostprocessing = 0;
		};
/* End PBXSourcesBuildPhase section */

/* Begin PBXTargetDependency section */
		E2D51C4A243C88C3004F4D80 /* PBXTargetDependency */ = {
			isa = PBXTargetDependency;
			target = E2D51C31243C88C2004F4D80 /* VirusTracker */;
			targetProxy = E2D51C49243C88C3004F4D80 /* PBXContainerItemProxy */;
		};
/* End PBXTargetDependency section */

/* Begin PBXVariantGroup section */
		E2D51C3B243C88C2004F4D80 /* Main.storyboard */ = {
			isa = PBXVariantGroup;
			children = (
				E2D51C3C243C88C2004F4D80 /* Base */,
			);
			name = Main.storyboard;
			sourceTree = "<group>";
		};
		E2D51C40243C88C3004F4D80 /* LaunchScreen.storyboard */ = {
			isa = PBXVariantGroup;
			children = (
				E2D51C41243C88C3004F4D80 /* Base */,
			);
			name = LaunchScreen.storyboard;
			sourceTree = "<group>";
		};
/* End PBXVariantGroup section */

/* Begin XCBuildConfiguration section */
		E2D51C4F243C88C3004F4D80 /* Debug */ = {
			isa = XCBuildConfiguration;
			buildSettings = {
				ALWAYS_SEARCH_USER_PATHS = NO;
				CLANG_ANALYZER_NONNULL = YES;
				CLANG_ANALYZER_NUMBER_OBJECT_CONVERSION = YES_AGGRESSIVE;
				CLANG_CXX_LANGUAGE_STANDARD = "gnu++14";
				CLANG_CXX_LIBRARY = "libc++";
				CLANG_ENABLE_MODULES = YES;
				CLANG_ENABLE_OBJC_ARC = YES;
				CLANG_ENABLE_OBJC_WEAK = YES;
				CLANG_WARN_BLOCK_CAPTURE_AUTORELEASING = YES;
				CLANG_WARN_BOOL_CONVERSION = YES;
				CLANG_WARN_COMMA = YES;
				CLANG_WARN_CONSTANT_CONVERSION = YES;
				CLANG_WARN_DEPRECATED_OBJC_IMPLEMENTATIONS = YES;
				CLANG_WARN_DIRECT_OBJC_ISA_USAGE = YES_ERROR;
				CLANG_WARN_DOCUMENTATION_COMMENTS = YES;
				CLANG_WARN_EMPTY_BODY = YES;
				CLANG_WARN_ENUM_CONVERSION = YES;
				CLANG_WARN_INFINITE_RECURSION = YES;
				CLANG_WARN_INT_CONVERSION = YES;
				CLANG_WARN_NON_LITERAL_NULL_CONVERSION = YES;
				CLANG_WARN_OBJC_IMPLICIT_RETAIN_SELF = YES;
				CLANG_WARN_OBJC_LITERAL_CONVERSION = YES;
				CLANG_WARN_OBJC_ROOT_CLASS = YES_ERROR;
				CLANG_WARN_RANGE_LOOP_ANALYSIS = YES;
				CLANG_WARN_STRICT_PROTOTYPES = YES;
				CLANG_WARN_SUSPICIOUS_MOVE = YES;
				CLANG_WARN_UNGUARDED_AVAILABILITY = YES_AGGRESSIVE;
				CLANG_WARN_UNREACHABLE_CODE = YES;
				CLANG_WARN__DUPLICATE_METHOD_MATCH = YES;
				COPY_PHASE_STRIP = NO;
				DEBUG_INFORMATION_FORMAT = dwarf;
				ENABLE_STRICT_OBJC_MSGSEND = YES;
				ENABLE_TESTABILITY = YES;
				GCC_C_LANGUAGE_STANDARD = gnu11;
				GCC_DYNAMIC_NO_PIC = NO;
				GCC_NO_COMMON_BLOCKS = YES;
				GCC_OPTIMIZATION_LEVEL = 0;
				GCC_PREPROCESSOR_DEFINITIONS = (
					"DEBUG=1",
					"$(inherited)",
				);
				GCC_WARN_64_TO_32_BIT_CONVERSION = YES;
				GCC_WARN_ABOUT_RETURN_TYPE = YES_ERROR;
				GCC_WARN_UNDECLARED_SELECTOR = YES;
				GCC_WARN_UNINITIALIZED_AUTOS = YES_AGGRESSIVE;
				GCC_WARN_UNUSED_FUNCTION = YES;
				GCC_WARN_UNUSED_VARIABLE = YES;
				IPHONEOS_DEPLOYMENT_TARGET = 13.2;
				MTL_ENABLE_DEBUG_INFO = INCLUDE_SOURCE;
				MTL_FAST_MATH = YES;
				ONLY_ACTIVE_ARCH = YES;
				SDKROOT = iphoneos;
				SWIFT_ACTIVE_COMPILATION_CONDITIONS = DEBUG;
				SWIFT_OPTIMIZATION_LEVEL = "-Onone";
			};
			name = Debug;
		};
		E2D51C50243C88C3004F4D80 /* Release */ = {
			isa = XCBuildConfiguration;
			buildSettings = {
				ALWAYS_SEARCH_USER_PATHS = NO;
				CLANG_ANALYZER_NONNULL = YES;
				CLANG_ANALYZER_NUMBER_OBJECT_CONVERSION = YES_AGGRESSIVE;
				CLANG_CXX_LANGUAGE_STANDARD = "gnu++14";
				CLANG_CXX_LIBRARY = "libc++";
				CLANG_ENABLE_MODULES = YES;
				CLANG_ENABLE_OBJC_ARC = YES;
				CLANG_ENABLE_OBJC_WEAK = YES;
				CLANG_WARN_BLOCK_CAPTURE_AUTORELEASING = YES;
				CLANG_WARN_BOOL_CONVERSION = YES;
				CLANG_WARN_COMMA = YES;
				CLANG_WARN_CONSTANT_CONVERSION = YES;
				CLANG_WARN_DEPRECATED_OBJC_IMPLEMENTATIONS = YES;
				CLANG_WARN_DIRECT_OBJC_ISA_USAGE = YES_ERROR;
				CLANG_WARN_DOCUMENTATION_COMMENTS = YES;
				CLANG_WARN_EMPTY_BODY = YES;
				CLANG_WARN_ENUM_CONVERSION = YES;
				CLANG_WARN_INFINITE_RECURSION = YES;
				CLANG_WARN_INT_CONVERSION = YES;
				CLANG_WARN_NON_LITERAL_NULL_CONVERSION = YES;
				CLANG_WARN_OBJC_IMPLICIT_RETAIN_SELF = YES;
				CLANG_WARN_OBJC_LITERAL_CONVERSION = YES;
				CLANG_WARN_OBJC_ROOT_CLASS = YES_ERROR;
				CLANG_WARN_RANGE_LOOP_ANALYSIS = YES;
				CLANG_WARN_STRICT_PROTOTYPES = YES;
				CLANG_WARN_SUSPICIOUS_MOVE = YES;
				CLANG_WARN_UNGUARDED_AVAILABILITY = YES_AGGRESSIVE;
				CLANG_WARN_UNREACHABLE_CODE = YES;
				CLANG_WARN__DUPLICATE_METHOD_MATCH = YES;
				COPY_PHASE_STRIP = NO;
				DEBUG_INFORMATION_FORMAT = "dwarf-with-dsym";
				ENABLE_NS_ASSERTIONS = NO;
				ENABLE_STRICT_OBJC_MSGSEND = YES;
				GCC_C_LANGUAGE_STANDARD = gnu11;
				GCC_NO_COMMON_BLOCKS = YES;
				GCC_WARN_64_TO_32_BIT_CONVERSION = YES;
				GCC_WARN_ABOUT_RETURN_TYPE = YES_ERROR;
				GCC_WARN_UNDECLARED_SELECTOR = YES;
				GCC_WARN_UNINITIALIZED_AUTOS = YES_AGGRESSIVE;
				GCC_WARN_UNUSED_FUNCTION = YES;
				GCC_WARN_UNUSED_VARIABLE = YES;
				IPHONEOS_DEPLOYMENT_TARGET = 13.2;
				MTL_ENABLE_DEBUG_INFO = NO;
				MTL_FAST_MATH = YES;
				SDKROOT = iphoneos;
				SWIFT_COMPILATION_MODE = wholemodule;
				SWIFT_OPTIMIZATION_LEVEL = "-O";
				VALIDATE_PRODUCT = YES;
			};
			name = Release;
		};
		E2D51C52243C88C3004F4D80 /* Debug */ = {
			isa = XCBuildConfiguration;
			baseConfigurationReference = D7B4D6D33701B077381035D4 /* Pods-VirusTracker.debug.xcconfig */;
			buildSettings = {
				ASSETCATALOG_COMPILER_APPICON_NAME = AppIcon;
				CODE_SIGN_STYLE = Automatic;
				DEVELOPMENT_TEAM = W2457BUSA4;
				INFOPLIST_FILE = VirusTracker/Info.plist;
				LD_RUNPATH_SEARCH_PATHS = (
					"$(inherited)",
					"@executable_path/Frameworks",
				);
				PRODUCT_BUNDLE_IDENTIFIER = pl.krzysztof.kapala.VirusTracker;
				PRODUCT_NAME = "$(TARGET_NAME)";
				SWIFT_VERSION = 5.0;
				TARGETED_DEVICE_FAMILY = 2;
			};
			name = Debug;
		};
		E2D51C53243C88C3004F4D80 /* Release */ = {
			isa = XCBuildConfiguration;
			baseConfigurationReference = 6972985C67A38BE6F5B82CC9 /* Pods-VirusTracker.release.xcconfig */;
			buildSettings = {
				ASSETCATALOG_COMPILER_APPICON_NAME = AppIcon;
				CODE_SIGN_STYLE = Automatic;
				DEVELOPMENT_TEAM = W2457BUSA4;
				INFOPLIST_FILE = VirusTracker/Info.plist;
				LD_RUNPATH_SEARCH_PATHS = (
					"$(inherited)",
					"@executable_path/Frameworks",
				);
				PRODUCT_BUNDLE_IDENTIFIER = pl.krzysztof.kapala.VirusTracker;
				PRODUCT_NAME = "$(TARGET_NAME)";
				SWIFT_VERSION = 5.0;
				TARGETED_DEVICE_FAMILY = 2;
			};
			name = Release;
		};
		E2D51C55243C88C3004F4D80 /* Debug */ = {
			isa = XCBuildConfiguration;
			buildSettings = {
				ALWAYS_EMBED_SWIFT_STANDARD_LIBRARIES = YES;
				BUNDLE_LOADER = "$(TEST_HOST)";
				CODE_SIGN_STYLE = Automatic;
				DEVELOPMENT_TEAM = W2457BUSA4;
				INFOPLIST_FILE = VirusTrackerTests/Info.plist;
				IPHONEOS_DEPLOYMENT_TARGET = 13.2;
				LD_RUNPATH_SEARCH_PATHS = (
					"$(inherited)",
					"@executable_path/Frameworks",
					"@loader_path/Frameworks",
				);
				PRODUCT_BUNDLE_IDENTIFIER = pl.krzysztof.kapala.VirusTrackerTests;
				PRODUCT_NAME = "$(TARGET_NAME)";
				SWIFT_VERSION = 5.0;
				TARGETED_DEVICE_FAMILY = "1,2";
				TEST_HOST = "$(BUILT_PRODUCTS_DIR)/VirusTracker.app/VirusTracker";
			};
			name = Debug;
		};
		E2D51C56243C88C3004F4D80 /* Release */ = {
			isa = XCBuildConfiguration;
			buildSettings = {
				ALWAYS_EMBED_SWIFT_STANDARD_LIBRARIES = YES;
				BUNDLE_LOADER = "$(TEST_HOST)";
				CODE_SIGN_STYLE = Automatic;
				DEVELOPMENT_TEAM = W2457BUSA4;
				INFOPLIST_FILE = VirusTrackerTests/Info.plist;
				IPHONEOS_DEPLOYMENT_TARGET = 13.2;
				LD_RUNPATH_SEARCH_PATHS = (
					"$(inherited)",
					"@executable_path/Frameworks",
					"@loader_path/Frameworks",
				);
				PRODUCT_BUNDLE_IDENTIFIER = pl.krzysztof.kapala.VirusTrackerTests;
				PRODUCT_NAME = "$(TARGET_NAME)";
				SWIFT_VERSION = 5.0;
				TARGETED_DEVICE_FAMILY = "1,2";
				TEST_HOST = "$(BUILT_PRODUCTS_DIR)/VirusTracker.app/VirusTracker";
			};
			name = Release;
		};
/* End XCBuildConfiguration section */

/* Begin XCConfigurationList section */
		E2D51C2D243C88C2004F4D80 /* Build configuration list for PBXProject "VirusTracker" */ = {
			isa = XCConfigurationList;
			buildConfigurations = (
				E2D51C4F243C88C3004F4D80 /* Debug */,
				E2D51C50243C88C3004F4D80 /* Release */,
			);
			defaultConfigurationIsVisible = 0;
			defaultConfigurationName = Release;
		};
		E2D51C51243C88C3004F4D80 /* Build configuration list for PBXNativeTarget "VirusTracker" */ = {
			isa = XCConfigurationList;
			buildConfigurations = (
				E2D51C52243C88C3004F4D80 /* Debug */,
				E2D51C53243C88C3004F4D80 /* Release */,
			);
			defaultConfigurationIsVisible = 0;
			defaultConfigurationName = Release;
		};
		E2D51C54243C88C3004F4D80 /* Build configuration list for PBXNativeTarget "VirusTrackerTests" */ = {
			isa = XCConfigurationList;
			buildConfigurations = (
				E2D51C55243C88C3004F4D80 /* Debug */,
				E2D51C56243C88C3004F4D80 /* Release */,
			);
			defaultConfigurationIsVisible = 0;
			defaultConfigurationName = Release;
		};
/* End XCConfigurationList section */
	};
	rootObject = E2D51C2A243C88C2004F4D80 /* Project object */;
}
